
Microsoft Visual Studio Solution File, Format Version 12.00
# Visual Studio Version 17
VisualStudioVersion = 17.5.33502.453
MinimumVisualStudioVersion = 10.0.40219.1
Project("{FAE04EC0-301F-11D3-BF4B-00C04F79EFBC}") = "task2", "task2.csproj", "{F0D543C0-E494-4507-AE30-2027B1808E60}"
EndProject
Global
	GlobalSection(SolutionConfigurationPlatforms) = preSolution
		Debug|Any CPU = Debug|Any CPU
		Release|Any CPU = Release|Any CPU
	EndGlobalSection
	GlobalSection(ProjectConfigurationPlatforms) = postSolution
		{F0D543C0-E494-4507-AE30-2027B1808E60}.Debug|Any CPU.ActiveCfg = Debug|Any CPU
		{F0D543C0-E494-4507-AE30-2027B1808E60}.Debug|Any CPU.Build.0 = Debug|Any CPU
		{F0D543C0-E494-4507-AE30-2027B1808E60}.Release|Any CPU.ActiveCfg = Release|Any CPU
		{F0D543C0-E494-4507-AE30-2027B1808E60}.Release|Any CPU.Build.0 = Release|Any CPU
	EndGlobalSection
	GlobalSection(SolutionProperties) = preSolution
		HideSolutionNode = FALSE
	EndGlobalSection
	GlobalSection(ExtensibilityGlobals) = postSolution
		SolutionGuid = {6C48889F-B645-49A0-AE44-E0FF9E754B12}
	EndGlobalSection
EndGlobal
